// !$*UTF8*$!
{
	archiveVersion = 1;
	classes = {
	};
	objectVersion = 50;
	objects = {

/* Begin PBXBuildFile section */
		610655B90D90BA4EDAB4DA9F /* libPods-QianChengMusic.a in Frameworks */ = {isa = PBXBuildFile; fileRef = EB1C738E70F38257A18EFF54 /* libPods-QianChengMusic.a */; };
		D74D49982151F1B200056C64 /* UIButton+Addtion.m in Sources */ = {isa = PBXBuildFile; fileRef = D74D49972151F1B200056C64 /* UIButton+Addtion.m */; };
		D74D499B2151FECC00056C64 /* JNGlobalFunction.m in Sources */ = {isa = PBXBuildFile; fileRef = D74D499A2151FECC00056C64 /* JNGlobalFunction.m */; };
		D74D499D21522C5A00056C64 /* 情非得已.mp3 in Resources */ = {isa = PBXBuildFile; fileRef = D74D499C21522C5A00056C64 /* 情非得已.mp3 */; };
		D74D499F21524D7500056C64 /* background.jpg in Resources */ = {isa = PBXBuildFile; fileRef = D74D499E21524D7400056C64 /* background.jpg */; };
		D74D49A12152539300056C64 /* test2.jpg in Resources */ = {isa = PBXBuildFile; fileRef = D74D49A02152539300056C64 /* test2.jpg */; };
		D79080DD21508E8D001E4FBC /* UIWindow+Addtion.m in Sources */ = {isa = PBXBuildFile; fileRef = D79080DC21508E8D001E4FBC /* UIWindow+Addtion.m */; };
		D79080E32150A529001E4FBC /* JNBaseTableView.m in Sources */ = {isa = PBXBuildFile; fileRef = D79080E22150A529001E4FBC /* JNBaseTableView.m */; };
		D79080E62150A909001E4FBC /* JNBaseTableViewCell.m in Sources */ = {isa = PBXBuildFile; fileRef = D79080E52150A909001E4FBC /* JNBaseTableViewCell.m */; };
		D79080E92150D56D001E4FBC /* JNLyricsModel.m in Sources */ = {isa = PBXBuildFile; fileRef = D79080E82150D56D001E4FBC /* JNLyricsModel.m */; };
		D79080EC2150D889001E4FBC /* 情非得已.lrc in Resources */ = {isa = PBXBuildFile; fileRef = D79080EB2150D889001E4FBC /* 情非得已.lrc */; };
		D791924F214BB73300D457E8 /* UILabel+Addtion.m in Sources */ = {isa = PBXBuildFile; fileRef = D791924E214BB73300D457E8 /* UILabel+Addtion.m */; };
		D799BE55214A070B00AAF560 /* QianChengMusicTests.m in Sources */ = {isa = PBXBuildFile; fileRef = D799BE54214A070B00AAF560 /* QianChengMusicTests.m */; };
		D799BE60214A070B00AAF560 /* QianChengMusicUITests.m in Sources */ = {isa = PBXBuildFile; fileRef = D799BE5F214A070B00AAF560 /* QianChengMusicUITests.m */; };
		D799BE7D214A0B2200AAF560 /* AppDelegate.m in Sources */ = {isa = PBXBuildFile; fileRef = D799BE71214A0B2200AAF560 /* AppDelegate.m */; };
		D799BE7E214A0B2200AAF560 /* Assets.xcassets in Resources */ = {isa = PBXBuildFile; fileRef = D799BE75214A0B2200AAF560 /* Assets.xcassets */; };
		D799BE7F214A0B2200AAF560 /* LaunchScreen.storyboard in Resources */ = {isa = PBXBuildFile; fileRef = D799BE76214A0B2200AAF560 /* LaunchScreen.storyboard */; };
		D799BE80214A0B2200AAF560 /* Main.storyboard in Resources */ = {isa = PBXBuildFile; fileRef = D799BE78214A0B2200AAF560 /* Main.storyboard */; };
		D799BE81214A0B2200AAF560 /* main.m in Sources */ = {isa = PBXBuildFile; fileRef = D799BE7A214A0B2200AAF560 /* main.m */; };
		D799BE82214A0B2200AAF560 /* Info.plist in Resources */ = {isa = PBXBuildFile; fileRef = D799BE7B214A0B2200AAF560 /* Info.plist */; };
		D799BE89214A0D1500AAF560 /* MainController.m in Sources */ = {isa = PBXBuildFile; fileRef = D799BE88214A0D1500AAF560 /* MainController.m */; };
		D799BE8D214A153700AAF560 /* JNPlayView.m in Sources */ = {isa = PBXBuildFile; fileRef = D799BE8C214A153700AAF560 /* JNPlayView.m */; };
		D7AEDAEF214FA7930086598B /* UIColor+Addtion.m in Sources */ = {isa = PBXBuildFile; fileRef = D7AEDAEE214FA7930086598B /* UIColor+Addtion.m */; };
/* End PBXBuildFile section */

/* Begin PBXContainerItemProxy section */
		D799BE51214A070B00AAF560 /* PBXContainerItemProxy */ = {
			isa = PBXContainerItemProxy;
			containerPortal = D799BE30214A070900AAF560 /* Project object */;
			proxyType = 1;
			remoteGlobalIDString = D799BE37214A070900AAF560;
			remoteInfo = QianChengMusic;
		};
		D799BE5C214A070B00AAF560 /* PBXContainerItemProxy */ = {
			isa = PBXContainerItemProxy;
			containerPortal = D799BE30214A070900AAF560 /* Project object */;
			proxyType = 1;
			remoteGlobalIDString = D799BE37214A070900AAF560;
			remoteInfo = QianChengMusic;
		};
/* End PBXContainerItemProxy section */

/* Begin PBXFileReference section */
		0576527C951DD80D983026E5 /* Pods-QianChengMusic.debug.xcconfig */ = {isa = PBXFileReference; includeInIndex = 1; lastKnownFileType = text.xcconfig; name = "Pods-QianChengMusic.debug.xcconfig"; path = "Pods/Target Support Files/Pods-QianChengMusic/Pods-QianChengMusic.debug.xcconfig"; sourceTree = "<group>"; };
		D74D49962151F1B200056C64 /* UIButton+Addtion.h */ = {isa = PBXFileReference; lastKnownFileType = sourcecode.c.h; path = "UIButton+Addtion.h"; sourceTree = "<group>"; };
		D74D49972151F1B200056C64 /* UIButton+Addtion.m */ = {isa = PBXFileReference; lastKnownFileType = sourcecode.c.objc; path = "UIButton+Addtion.m"; sourceTree = "<group>"; };
		D74D49992151FECC00056C64 /* JNGlobalFunction.h */ = {isa = PBXFileReference; lastKnownFileType = sourcecode.c.h; path = JNGlobalFunction.h; sourceTree = "<group>"; };
		D74D499A2151FECC00056C64 /* JNGlobalFunction.m */ = {isa = PBXFileReference; lastKnownFileType = sourcecode.c.objc; path = JNGlobalFunction.m; sourceTree = "<group>"; };
		D74D499C21522C5A00056C64 /* 情非得已.mp3 */ = {isa = PBXFileReference; lastKnownFileType = audio.mp3; path = "情非得已.mp3"; sourceTree = "<group>"; };
		D74D499E21524D7400056C64 /* background.jpg */ = {isa = PBXFileReference; lastKnownFileType = image.jpeg; path = background.jpg; sourceTree = "<group>"; };
		D74D49A02152539300056C64 /* test2.jpg */ = {isa = PBXFileReference; lastKnownFileType = image.jpeg; path = test2.jpg; sourceTree = "<group>"; };
		D79080DB21508E8D001E4FBC /* UIWindow+Addtion.h */ = {isa = PBXFileReference; lastKnownFileType = sourcecode.c.h; path = "UIWindow+Addtion.h"; sourceTree = "<group>"; };
		D79080DC21508E8D001E4FBC /* UIWindow+Addtion.m */ = {isa = PBXFileReference; lastKnownFileType = sourcecode.c.objc; path = "UIWindow+Addtion.m"; sourceTree = "<group>"; };
		D79080E12150A529001E4FBC /* JNBaseTableView.h */ = {isa = PBXFileReference; lastKnownFileType = sourcecode.c.h; path = JNBaseTableView.h; sourceTree = "<group>"; };
		D79080E22150A529001E4FBC /* JNBaseTableView.m */ = {isa = PBXFileReference; lastKnownFileType = sourcecode.c.objc; path = JNBaseTableView.m; sourceTree = "<group>"; };
		D79080E42150A909001E4FBC /* JNBaseTableViewCell.h */ = {isa = PBXFileReference; lastKnownFileType = sourcecode.c.h; path = JNBaseTableViewCell.h; sourceTree = "<group>"; };
		D79080E52150A909001E4FBC /* JNBaseTableViewCell.m */ = {isa = PBXFileReference; lastKnownFileType = sourcecode.c.objc; path = JNBaseTableViewCell.m; sourceTree = "<group>"; };
		D79080E72150D56D001E4FBC /* JNLyricsModel.h */ = {isa = PBXFileReference; lastKnownFileType = sourcecode.c.h; path = JNLyricsModel.h; sourceTree = "<group>"; };
		D79080E82150D56D001E4FBC /* JNLyricsModel.m */ = {isa = PBXFileReference; lastKnownFileType = sourcecode.c.objc; path = JNLyricsModel.m; sourceTree = "<group>"; };
		D79080EB2150D889001E4FBC /* 情非得已.lrc */ = {isa = PBXFileReference; fileEncoding = 4; lastKnownFileType = text; path = "情非得已.lrc"; sourceTree = "<group>"; };
		D791924D214BB73300D457E8 /* UILabel+Addtion.h */ = {isa = PBXFileReference; lastKnownFileType = sourcecode.c.h; path = "UILabel+Addtion.h"; sourceTree = "<group>"; };
		D791924E214BB73300D457E8 /* UILabel+Addtion.m */ = {isa = PBXFileReference; lastKnownFileType = sourcecode.c.objc; path = "UILabel+Addtion.m"; sourceTree = "<group>"; };
		D799BE38214A070900AAF560 /* QianChengMusic.app */ = {isa = PBXFileReference; explicitFileType = wrapper.application; includeInIndex = 0; path = QianChengMusic.app; sourceTree = BUILT_PRODUCTS_DIR; };
		D799BE50214A070B00AAF560 /* QianChengMusicTests.xctest */ = {isa = PBXFileReference; explicitFileType = wrapper.cfbundle; includeInIndex = 0; path = QianChengMusicTests.xctest; sourceTree = BUILT_PRODUCTS_DIR; };
		D799BE54214A070B00AAF560 /* QianChengMusicTests.m */ = {isa = PBXFileReference; lastKnownFileType = sourcecode.c.objc; path = QianChengMusicTests.m; sourceTree = "<group>"; };
		D799BE56214A070B00AAF560 /* Info.plist */ = {isa = PBXFileReference; lastKnownFileType = text.plist.xml; path = Info.plist; sourceTree = "<group>"; };
		D799BE5B214A070B00AAF560 /* QianChengMusicUITests.xctest */ = {isa = PBXFileReference; explicitFileType = wrapper.cfbundle; includeInIndex = 0; path = QianChengMusicUITests.xctest; sourceTree = BUILT_PRODUCTS_DIR; };
		D799BE5F214A070B00AAF560 /* QianChengMusicUITests.m */ = {isa = PBXFileReference; lastKnownFileType = sourcecode.c.objc; path = QianChengMusicUITests.m; sourceTree = "<group>"; };
		D799BE61214A070B00AAF560 /* Info.plist */ = {isa = PBXFileReference; lastKnownFileType = text.plist.xml; path = Info.plist; sourceTree = "<group>"; };
		D799BE70214A0B2200AAF560 /* AppDelegate.h */ = {isa = PBXFileReference; fileEncoding = 4; lastKnownFileType = sourcecode.c.h; path = AppDelegate.h; sourceTree = "<group>"; };
		D799BE71214A0B2200AAF560 /* AppDelegate.m */ = {isa = PBXFileReference; fileEncoding = 4; lastKnownFileType = sourcecode.c.objc; path = AppDelegate.m; sourceTree = "<group>"; };
		D799BE75214A0B2200AAF560 /* Assets.xcassets */ = {isa = PBXFileReference; lastKnownFileType = folder.assetcatalog; path = Assets.xcassets; sourceTree = "<group>"; };
		D799BE77214A0B2200AAF560 /* Base */ = {isa = PBXFileReference; lastKnownFileType = file.storyboard; name = Base; path = Base.lproj/LaunchScreen.storyboard; sourceTree = "<group>"; };
		D799BE79214A0B2200AAF560 /* Base */ = {isa = PBXFileReference; lastKnownFileType = file.storyboard; name = Base; path = Base.lproj/Main.storyboard; sourceTree = "<group>"; };
		D799BE7A214A0B2200AAF560 /* main.m */ = {isa = PBXFileReference; fileEncoding = 4; lastKnownFileType = sourcecode.c.objc; path = main.m; sourceTree = "<group>"; };
		D799BE7B214A0B2200AAF560 /* Info.plist */ = {isa = PBXFileReference; fileEncoding = 4; lastKnownFileType = text.plist.xml; path = Info.plist; sourceTree = "<group>"; };
		D799BE87214A0D1500AAF560 /* MainController.h */ = {isa = PBXFileReference; lastKnownFileType = sourcecode.c.h; path = MainController.h; sourceTree = "<group>"; };
		D799BE88214A0D1500AAF560 /* MainController.m */ = {isa = PBXFileReference; lastKnownFileType = sourcecode.c.objc; path = MainController.m; sourceTree = "<group>"; };
		D799BE8B214A153700AAF560 /* JNPlayView.h */ = {isa = PBXFileReference; lastKnownFileType = sourcecode.c.h; path = JNPlayView.h; sourceTree = "<group>"; };
		D799BE8C214A153700AAF560 /* JNPlayView.m */ = {isa = PBXFileReference; lastKnownFileType = sourcecode.c.objc; path = JNPlayView.m; sourceTree = "<group>"; };
		D799BE92214A181000AAF560 /* QCM_PchFile.pch */ = {isa = PBXFileReference; lastKnownFileType = sourcecode.c.h; path = QCM_PchFile.pch; sourceTree = "<group>"; };
		D799BE93214A378100AAF560 /* Size_Config.h */ = {isa = PBXFileReference; lastKnownFileType = sourcecode.c.h; path = Size_Config.h; sourceTree = "<group>"; };
		D799BE94214A39E100AAF560 /* System_Config.h */ = {isa = PBXFileReference; lastKnownFileType = sourcecode.c.h; path = System_Config.h; sourceTree = "<group>"; };
		D799BE95214A3AB200AAF560 /* Color_Config.h */ = {isa = PBXFileReference; lastKnownFileType = sourcecode.c.h; path = Color_Config.h; sourceTree = "<group>"; };
		D799BE96214A3AFB00AAF560 /* GlobalHeader.h */ = {isa = PBXFileReference; lastKnownFileType = sourcecode.c.h; path = GlobalHeader.h; sourceTree = "<group>"; };
		D799BE97214A3B1600AAF560 /* ConstString.h */ = {isa = PBXFileReference; lastKnownFileType = sourcecode.c.h; path = ConstString.h; sourceTree = "<group>"; };
		D7AEDAED214FA7930086598B /* UIColor+Addtion.h */ = {isa = PBXFileReference; lastKnownFileType = sourcecode.c.h; path = "UIColor+Addtion.h"; sourceTree = "<group>"; };
		D7AEDAEE214FA7930086598B /* UIColor+Addtion.m */ = {isa = PBXFileReference; lastKnownFileType = sourcecode.c.objc; path = "UIColor+Addtion.m"; sourceTree = "<group>"; };
		EB1C738E70F38257A18EFF54 /* libPods-QianChengMusic.a */ = {isa = PBXFileReference; explicitFileType = archive.ar; includeInIndex = 0; path = "libPods-QianChengMusic.a"; sourceTree = BUILT_PRODUCTS_DIR; };
		F54AADE4ACF4D27BFE4170F2 /* Pods-QianChengMusic.release.xcconfig */ = {isa = PBXFileReference; includeInIndex = 1; lastKnownFileType = text.xcconfig; name = "Pods-QianChengMusic.release.xcconfig"; path = "Pods/Target Support Files/Pods-QianChengMusic/Pods-QianChengMusic.release.xcconfig"; sourceTree = "<group>"; };
/* End PBXFileReference section */

/* Begin PBXFrameworksBuildPhase section */
		D799BE35214A070900AAF560 /* Frameworks */ = {
			isa = PBXFrameworksBuildPhase;
			buildActionMask = 2147483647;
			files = (
				610655B90D90BA4EDAB4DA9F /* libPods-QianChengMusic.a in Frameworks */,
			);
			runOnlyForDeploymentPostprocessing = 0;
		};
		D799BE4D214A070B00AAF560 /* Frameworks */ = {
			isa = PBXFrameworksBuildPhase;
			buildActionMask = 2147483647;
			files = (
			);
			runOnlyForDeploymentPostprocessing = 0;
		};
		D799BE58214A070B00AAF560 /* Frameworks */ = {
			isa = PBXFrameworksBuildPhase;
			buildActionMask = 2147483647;
			files = (
			);
			runOnlyForDeploymentPostprocessing = 0;
		};
/* End PBXFrameworksBuildPhase section */

/* Begin PBXGroup section */
		3526821D14B4C8D7464F16FF /* Pods */ = {
			isa = PBXGroup;
			children = (
				0576527C951DD80D983026E5 /* Pods-QianChengMusic.debug.xcconfig */,
				F54AADE4ACF4D27BFE4170F2 /* Pods-QianChengMusic.release.xcconfig */,
			);
			name = Pods;
			sourceTree = "<group>";
		};
		97E7B36D99DA787BA1E28664 /* Frameworks */ = {
			isa = PBXGroup;
			children = (
				EB1C738E70F38257A18EFF54 /* libPods-QianChengMusic.a */,
			);
			name = Frameworks;
			sourceTree = "<group>";
		};
		D79080DE2150A504001E4FBC /* Models */ = {
			isa = PBXGroup;
			children = (
			);
			path = Models;
			sourceTree = "<group>";
		};
		D79080DF2150A504001E4FBC /* Views */ = {
			isa = PBXGroup;
			children = (
				D79080E12150A529001E4FBC /* JNBaseTableView.h */,
				D79080E22150A529001E4FBC /* JNBaseTableView.m */,
				D79080E42150A909001E4FBC /* JNBaseTableViewCell.h */,
				D79080E52150A909001E4FBC /* JNBaseTableViewCell.m */,
			);
			path = Views;
			sourceTree = "<group>";
		};
		D79080E02150A504001E4FBC /* Controllers */ = {
			isa = PBXGroup;
			children = (
			);
			path = Controllers;
			sourceTree = "<group>";
		};
		D79080EA2150D889001E4FBC /* Resource */ = {
			isa = PBXGroup;
			children = (
				D74D499E21524D7400056C64 /* background.jpg */,
				D74D49A02152539300056C64 /* test2.jpg */,
				D79080EB2150D889001E4FBC /* 情非得已.lrc */,
				D74D499C21522C5A00056C64 /* 情非得已.mp3 */,
			);
			path = Resource;
			sourceTree = "<group>";
		};
		D791924C214BB6F500D457E8 /* Category */ = {
			isa = PBXGroup;
			children = (
				D791924D214BB73300D457E8 /* UILabel+Addtion.h */,
				D791924E214BB73300D457E8 /* UILabel+Addtion.m */,
				D74D49962151F1B200056C64 /* UIButton+Addtion.h */,
				D74D49972151F1B200056C64 /* UIButton+Addtion.m */,
				D7AEDAED214FA7930086598B /* UIColor+Addtion.h */,
				D7AEDAEE214FA7930086598B /* UIColor+Addtion.m */,
				D79080DB21508E8D001E4FBC /* UIWindow+Addtion.h */,
				D79080DC21508E8D001E4FBC /* UIWindow+Addtion.m */,
			);
			path = Category;
			sourceTree = "<group>";
		};
		D799BE2F214A070900AAF560 = {
			isa = PBXGroup;
			children = (
				D799BE3A214A070900AAF560 /* QianChengMusic */,
				D799BE53214A070B00AAF560 /* QianChengMusicTests */,
				D799BE5E214A070B00AAF560 /* QianChengMusicUITests */,
				D799BE39214A070900AAF560 /* Products */,
				3526821D14B4C8D7464F16FF /* Pods */,
				97E7B36D99DA787BA1E28664 /* Frameworks */,
			);
			sourceTree = "<group>";
		};
		D799BE39214A070900AAF560 /* Products */ = {
			isa = PBXGroup;
			children = (
				D799BE38214A070900AAF560 /* QianChengMusic.app */,
				D799BE50214A070B00AAF560 /* QianChengMusicTests.xctest */,
				D799BE5B214A070B00AAF560 /* QianChengMusicUITests.xctest */,
			);
			name = Products;
			sourceTree = "<group>";
		};
		D799BE3A214A070900AAF560 /* QianChengMusic */ = {
			isa = PBXGroup;
			children = (
				D799BE8A214A123B00AAF560 /* Framework */,
				D799BE6D214A0B2200AAF560 /* Classes */,
				D799BE74214A0B2200AAF560 /* Other */,
				D799BE7C214A0B2200AAF560 /* Resource */,
			);
			path = QianChengMusic;
			sourceTree = "<group>";
		};
		D799BE53214A070B00AAF560 /* QianChengMusicTests */ = {
			isa = PBXGroup;
			children = (
				D799BE54214A070B00AAF560 /* QianChengMusicTests.m */,
				D799BE56214A070B00AAF560 /* Info.plist */,
			);
			path = QianChengMusicTests;
			sourceTree = "<group>";
		};
		D799BE5E214A070B00AAF560 /* QianChengMusicUITests */ = {
			isa = PBXGroup;
			children = (
				D799BE5F214A070B00AAF560 /* QianChengMusicUITests.m */,
				D799BE61214A070B00AAF560 /* Info.plist */,
			);
			path = QianChengMusicUITests;
			sourceTree = "<group>";
		};
		D799BE6D214A0B2200AAF560 /* Classes */ = {
			isa = PBXGroup;
			children = (
				D791924C214BB6F500D457E8 /* Category */,
				D799BE72214A0B2200AAF560 /* Base */,
				D799BE6F214A0B2200AAF560 /* AppDelegate */,
				D799BE6E214A0B2200AAF560 /* ThirdPart */,
				D799BE73214A0B2200AAF560 /* Src */,
			);
			path = Classes;
			sourceTree = "<group>";
		};
		D799BE6E214A0B2200AAF560 /* ThirdPart */ = {
			isa = PBXGroup;
			children = (
			);
			path = ThirdPart;
			sourceTree = "<group>";
		};
		D799BE6F214A0B2200AAF560 /* AppDelegate */ = {
			isa = PBXGroup;
			children = (
				D799BE70214A0B2200AAF560 /* AppDelegate.h */,
				D799BE71214A0B2200AAF560 /* AppDelegate.m */,
			);
			path = AppDelegate;
			sourceTree = "<group>";
		};
		D799BE72214A0B2200AAF560 /* Base */ = {
			isa = PBXGroup;
			children = (
				D79080E02150A504001E4FBC /* Controllers */,
				D79080DE2150A504001E4FBC /* Models */,
				D79080DF2150A504001E4FBC /* Views */,
			);
			path = Base;
			sourceTree = "<group>";
		};
		D799BE73214A0B2200AAF560 /* Src */ = {
			isa = PBXGroup;
			children = (
				D799BE8E214A178100AAF560 /* Global */,
				D799BE83214A0C4B00AAF560 /* Main */,
			);
			path = Src;
			sourceTree = "<group>";
		};
		D799BE74214A0B2200AAF560 /* Other */ = {
			isa = PBXGroup;
			children = (
				D799BE75214A0B2200AAF560 /* Assets.xcassets */,
				D799BE76214A0B2200AAF560 /* LaunchScreen.storyboard */,
				D799BE78214A0B2200AAF560 /* Main.storyboard */,
				D799BE7A214A0B2200AAF560 /* main.m */,
				D799BE7B214A0B2200AAF560 /* Info.plist */,
			);
			path = Other;
			sourceTree = "<group>";
		};
		D799BE7C214A0B2200AAF560 /* Resource */ = {
			isa = PBXGroup;
			children = (
			);
			path = Resource;
			sourceTree = "<group>";
		};
		D799BE83214A0C4B00AAF560 /* Main */ = {
			isa = PBXGroup;
			children = (
				D79080EA2150D889001E4FBC /* Resource */,
				D799BE84214A0C4B00AAF560 /* Controller */,
				D799BE85214A0C4B00AAF560 /* Model */,
				D799BE86214A0C4B00AAF560 /* Views */,
			);
			path = Main;
			sourceTree = "<group>";
		};
		D799BE84214A0C4B00AAF560 /* Controller */ = {
			isa = PBXGroup;
			children = (
				D799BE87214A0D1500AAF560 /* MainController.h */,
				D799BE88214A0D1500AAF560 /* MainController.m */,
			);
			path = Controller;
			sourceTree = "<group>";
		};
		D799BE85214A0C4B00AAF560 /* Model */ = {
			isa = PBXGroup;
			children = (
				D79080E72150D56D001E4FBC /* JNLyricsModel.h */,
				D79080E82150D56D001E4FBC /* JNLyricsModel.m */,
			);
			path = Model;
			sourceTree = "<group>";
		};
		D799BE86214A0C4B00AAF560 /* Views */ = {
			isa = PBXGroup;
			children = (
				D799BE8B214A153700AAF560 /* JNPlayView.h */,
				D799BE8C214A153700AAF560 /* JNPlayView.m */,
			);
			path = Views;
			sourceTree = "<group>";
		};
		D799BE8A214A123B00AAF560 /* Framework */ = {
			isa = PBXGroup;
			children = (
			);
			path = Framework;
			sourceTree = "<group>";
		};
		D799BE8E214A178100AAF560 /* Global */ = {
			isa = PBXGroup;
			children = (
				D799BE8F214A178100AAF560 /* Config */,
				D799BE90214A178100AAF560 /* Function */,
			);
			path = Global;
			sourceTree = "<group>";
		};
		D799BE8F214A178100AAF560 /* Config */ = {
			isa = PBXGroup;
			children = (
				D799BE92214A181000AAF560 /* QCM_PchFile.pch */,
				D799BE93214A378100AAF560 /* Size_Config.h */,
				D799BE94214A39E100AAF560 /* System_Config.h */,
				D799BE95214A3AB200AAF560 /* Color_Config.h */,
				D799BE96214A3AFB00AAF560 /* GlobalHeader.h */,
				D799BE97214A3B1600AAF560 /* ConstString.h */,
			);
			path = Config;
			sourceTree = "<group>";
		};
		D799BE90214A178100AAF560 /* Function */ = {
			isa = PBXGroup;
			children = (
				D74D49992151FECC00056C64 /* JNGlobalFunction.h */,
				D74D499A2151FECC00056C64 /* JNGlobalFunction.m */,
			);
			path = Function;
			sourceTree = "<group>";
		};
/* End PBXGroup section */

/* Begin PBXNativeTarget section */
		D799BE37214A070900AAF560 /* QianChengMusic */ = {
			isa = PBXNativeTarget;
			buildConfigurationList = D799BE64214A070B00AAF560 /* Build configuration list for PBXNativeTarget "QianChengMusic" */;
			buildPhases = (
				CAECE8587EB56BED4C233376 /* [CP] Check Pods Manifest.lock */,
				D799BE34214A070900AAF560 /* Sources */,
				D799BE35214A070900AAF560 /* Frameworks */,
				D799BE36214A070900AAF560 /* Resources */,
				33C5A370212331C7621884DA /* [CP] Embed Pods Frameworks */,
				13460CAA1B51B88E0C3E0B4C /* [CP] Copy Pods Resources */,
			);
			buildRules = (
			);
			dependencies = (
			);
			name = QianChengMusic;
			productName = QianChengMusic;
			productReference = D799BE38214A070900AAF560 /* QianChengMusic.app */;
			productType = "com.apple.product-type.application";
		};
		D799BE4F214A070B00AAF560 /* QianChengMusicTests */ = {
			isa = PBXNativeTarget;
			buildConfigurationList = D799BE67214A070B00AAF560 /* Build configuration list for PBXNativeTarget "QianChengMusicTests" */;
			buildPhases = (
				D799BE4C214A070B00AAF560 /* Sources */,
				D799BE4D214A070B00AAF560 /* Frameworks */,
				D799BE4E214A070B00AAF560 /* Resources */,
			);
			buildRules = (
			);
			dependencies = (
				D799BE52214A070B00AAF560 /* PBXTargetDependency */,
			);
			name = QianChengMusicTests;
			productName = QianChengMusicTests;
			productReference = D799BE50214A070B00AAF560 /* QianChengMusicTests.xctest */;
			productType = "com.apple.product-type.bundle.unit-test";
		};
		D799BE5A214A070B00AAF560 /* QianChengMusicUITests */ = {
			isa = PBXNativeTarget;
			buildConfigurationList = D799BE6A214A070B00AAF560 /* Build configuration list for PBXNativeTarget "QianChengMusicUITests" */;
			buildPhases = (
				D799BE57214A070B00AAF560 /* Sources */,
				D799BE58214A070B00AAF560 /* Frameworks */,
				D799BE59214A070B00AAF560 /* Resources */,
			);
			buildRules = (
			);
			dependencies = (
				D799BE5D214A070B00AAF560 /* PBXTargetDependency */,
			);
			name = QianChengMusicUITests;
			productName = QianChengMusicUITests;
			productReference = D799BE5B214A070B00AAF560 /* QianChengMusicUITests.xctest */;
			productType = "com.apple.product-type.bundle.ui-testing";
		};
/* End PBXNativeTarget section */

/* Begin PBXProject section */
		D799BE30214A070900AAF560 /* Project object */ = {
			isa = PBXProject;
			attributes = {
				CLASSPREFIX = JN;
				LastUpgradeCheck = 0940;
				ORGANIZATIONNAME = JnKindle;
				TargetAttributes = {
					D799BE37214A070900AAF560 = {
						CreatedOnToolsVersion = 9.4.1;
					};
					D799BE4F214A070B00AAF560 = {
						CreatedOnToolsVersion = 9.4.1;
						TestTargetID = D799BE37214A070900AAF560;
					};
					D799BE5A214A070B00AAF560 = {
						CreatedOnToolsVersion = 9.4.1;
						TestTargetID = D799BE37214A070900AAF560;
					};
				};
			};
			buildConfigurationList = D799BE33214A070900AAF560 /* Build configuration list for PBXProject "QianChengMusic" */;
			compatibilityVersion = "Xcode 9.3";
			developmentRegion = en;
			hasScannedForEncodings = 0;
			knownRegions = (
				en,
				Base,
			);
			mainGroup = D799BE2F214A070900AAF560;
			productRefGroup = D799BE39214A070900AAF560 /* Products */;
			projectDirPath = "";
			projectRoot = "";
			targets = (
				D799BE37214A070900AAF560 /* QianChengMusic */,
				D799BE4F214A070B00AAF560 /* QianChengMusicTests */,
				D799BE5A214A070B00AAF560 /* QianChengMusicUITests */,
			);
		};
/* End PBXProject section */

/* Begin PBXResourcesBuildPhase section */
		D799BE36214A070900AAF560 /* Resources */ = {
			isa = PBXResourcesBuildPhase;
			buildActionMask = 2147483647;
			files = (
				D799BE80214A0B2200AAF560 /* Main.storyboard in Resources */,
				D799BE82214A0B2200AAF560 /* Info.plist in Resources */,
				D74D49A12152539300056C64 /* test2.jpg in Resources */,
				D74D499F21524D7500056C64 /* background.jpg in Resources */,
				D799BE7F214A0B2200AAF560 /* LaunchScreen.storyboard in Resources */,
				D79080EC2150D889001E4FBC /* 情非得已.lrc in Resources */,
				D74D499D21522C5A00056C64 /* 情非得已.mp3 in Resources */,
				D799BE7E214A0B2200AAF560 /* Assets.xcassets in Resources */,
			);
			runOnlyForDeploymentPostprocessing = 0;
		};
		D799BE4E214A070B00AAF560 /* Resources */ = {
			isa = PBXResourcesBuildPhase;
			buildActionMask = 2147483647;
			files = (
			);
			runOnlyForDeploymentPostprocessing = 0;
		};
		D799BE59214A070B00AAF560 /* Resources */ = {
			isa = PBXResourcesBuildPhase;
			buildActionMask = 2147483647;
			files = (
			);
			runOnlyForDeploymentPostprocessing = 0;
		};
/* End PBXResourcesBuildPhase section */

/* Begin PBXShellScriptBuildPhase section */
		13460CAA1B51B88E0C3E0B4C /* [CP] Copy Pods Resources */ = {
			isa = PBXShellScriptBuildPhase;
			buildActionMask = 2147483647;
			files = (
			);
			inputPaths = (
			);
			name = "[CP] Copy Pods Resources";
			outputPaths = (
			);
			runOnlyForDeploymentPostprocessing = 0;
			shellPath = /bin/sh;
			shellScript = "\"${SRCROOT}/Pods/Target Support Files/Pods-QianChengMusic/Pods-QianChengMusic-resources.sh\"\n";
			showEnvVarsInLog = 0;
		};
		33C5A370212331C7621884DA /* [CP] Embed Pods Frameworks */ = {
			isa = PBXShellScriptBuildPhase;
			buildActionMask = 2147483647;
			files = (
			);
			inputPaths = (
			);
			name = "[CP] Embed Pods Frameworks";
			outputPaths = (
			);
			runOnlyForDeploymentPostprocessing = 0;
			shellPath = /bin/sh;
			shellScript = "\"${SRCROOT}/Pods/Target Support Files/Pods-QianChengMusic/Pods-QianChengMusic-frameworks.sh\"\n";
			showEnvVarsInLog = 0;
		};
		CAECE8587EB56BED4C233376 /* [CP] Check Pods Manifest.lock */ = {
			isa = PBXShellScriptBuildPhase;
			buildActionMask = 2147483647;
			files = (
			);
			inputPaths = (
				"${PODS_PODFILE_DIR_PATH}/Podfile.lock",
				"${PODS_ROOT}/Manifest.lock",
			);
			name = "[CP] Check Pods Manifest.lock";
			outputPaths = (
				"$(DERIVED_FILE_DIR)/Pods-QianChengMusic-checkManifestLockResult.txt",
			);
			runOnlyForDeploymentPostprocessing = 0;
			shellPath = /bin/sh;
			shellScript = "diff \"${PODS_PODFILE_DIR_PATH}/Podfile.lock\" \"${PODS_ROOT}/Manifest.lock\" > /dev/null\nif [ $? != 0 ] ; then\n    # print error to STDERR\n    echo \"error: The sandbox is not in sync with the Podfile.lock. Run 'pod install' or update your CocoaPods installation.\" >&2\n    exit 1\nfi\n# This output is used by Xcode 'outputs' to avoid re-running this script phase.\necho \"SUCCESS\" > \"${SCRIPT_OUTPUT_FILE_0}\"\n";
			showEnvVarsInLog = 0;
		};
/* End PBXShellScriptBuildPhase section */

/* Begin PBXSourcesBuildPhase section */
		D799BE34214A070900AAF560 /* Sources */ = {
			isa = PBXSourcesBuildPhase;
			buildActionMask = 2147483647;
			files = (
				D74D49982151F1B200056C64 /* UIButton+Addtion.m in Sources */,
				D799BE8D214A153700AAF560 /* JNPlayView.m in Sources */,
				D7AEDAEF214FA7930086598B /* UIColor+Addtion.m in Sources */,
				D79080E32150A529001E4FBC /* JNBaseTableView.m in Sources */,
				D74D499B2151FECC00056C64 /* JNGlobalFunction.m in Sources */,
				D799BE81214A0B2200AAF560 /* main.m in Sources */,
				D799BE89214A0D1500AAF560 /* MainController.m in Sources */,
				D791924F214BB73300D457E8 /* UILabel+Addtion.m in Sources */,
				D799BE7D214A0B2200AAF560 /* AppDelegate.m in Sources */,
				D79080E92150D56D001E4FBC /* JNLyricsModel.m in Sources */,
				D79080E62150A909001E4FBC /* JNBaseTableViewCell.m in Sources */,
				D79080DD21508E8D001E4FBC /* UIWindow+Addtion.m in Sources */,
			);
			runOnlyForDeploymentPostprocessing = 0;
		};
		D799BE4C214A070B00AAF560 /* Sources */ = {
			isa = PBXSourcesBuildPhase;
			buildActionMask = 2147483647;
			files = (
				D799BE55214A070B00AAF560 /* QianChengMusicTests.m in Sources */,
			);
			runOnlyForDeploymentPostprocessing = 0;
		};
		D799BE57214A070B00AAF560 /* Sources */ = {
			isa = PBXSourcesBuildPhase;
			buildActionMask = 2147483647;
			files = (
				D799BE60214A070B00AAF560 /* QianChengMusicUITests.m in Sources */,
			);
			runOnlyForDeploymentPostprocessing = 0;
		};
/* End PBXSourcesBuildPhase section */

/* Begin PBXTargetDependency section */
		D799BE52214A070B00AAF560 /* PBXTargetDependency */ = {
			isa = PBXTargetDependency;
			target = D799BE37214A070900AAF560 /* QianChengMusic */;
			targetProxy = D799BE51214A070B00AAF560 /* PBXContainerItemProxy */;
		};
		D799BE5D214A070B00AAF560 /* PBXTargetDependency */ = {
			isa = PBXTargetDependency;
			target = D799BE37214A070900AAF560 /* QianChengMusic */;
			targetProxy = D799BE5C214A070B00AAF560 /* PBXContainerItemProxy */;
		};
/* End PBXTargetDependency section */

/* Begin PBXVariantGroup section */
		D799BE76214A0B2200AAF560 /* LaunchScreen.storyboard */ = {
			isa = PBXVariantGroup;
			children = (
				D799BE77214A0B2200AAF560 /* Base */,
			);
			name = LaunchScreen.storyboard;
			sourceTree = "<group>";
		};
		D799BE78214A0B2200AAF560 /* Main.storyboard */ = {
			isa = PBXVariantGroup;
			children = (
				D799BE79214A0B2200AAF560 /* Base */,
			);
			name = Main.storyboard;
			sourceTree = "<group>";
		};
/* End PBXVariantGroup section */

/* Begin XCBuildConfiguration section */
		D799BE62214A070B00AAF560 /* Debug */ = {
			isa = XCBuildConfiguration;
			buildSettings = {
				ALWAYS_SEARCH_USER_PATHS = NO;
				CLANG_ANALYZER_NONNULL = YES;
				CLANG_ANALYZER_NUMBER_OBJECT_CONVERSION = YES_AGGRESSIVE;
				CLANG_CXX_LANGUAGE_STANDARD = "gnu++14";
				CLANG_CXX_LIBRARY = "libc++";
				CLANG_ENABLE_MODULES = YES;
				CLANG_ENABLE_OBJC_ARC = YES;
				CLANG_ENABLE_OBJC_WEAK = YES;
				CLANG_WARN_BLOCK_CAPTURE_AUTORELEASING = YES;
				CLANG_WARN_BOOL_CONVERSION = YES;
				CLANG_WARN_COMMA = YES;
				CLANG_WARN_CONSTANT_CONVERSION = YES;
				CLANG_WARN_DEPRECATED_OBJC_IMPLEMENTATIONS = YES;
				CLANG_WARN_DIRECT_OBJC_ISA_USAGE = YES_ERROR;
				CLANG_WARN_DOCUMENTATION_COMMENTS = YES;
				CLANG_WARN_EMPTY_BODY = YES;
				CLANG_WARN_ENUM_CONVERSION = YES;
				CLANG_WARN_INFINITE_RECURSION = YES;
				CLANG_WARN_INT_CONVERSION = YES;
				CLANG_WARN_NON_LITERAL_NULL_CONVERSION = YES;
				CLANG_WARN_OBJC_IMPLICIT_RETAIN_SELF = YES;
				CLANG_WARN_OBJC_LITERAL_CONVERSION = YES;
				CLANG_WARN_OBJC_ROOT_CLASS = YES_ERROR;
				CLANG_WARN_RANGE_LOOP_ANALYSIS = YES;
				CLANG_WARN_STRICT_PROTOTYPES = YES;
				CLANG_WARN_SUSPICIOUS_MOVE = YES;
				CLANG_WARN_UNGUARDED_AVAILABILITY = YES_AGGRESSIVE;
				CLANG_WARN_UNREACHABLE_CODE = YES;
				CLANG_WARN__DUPLICATE_METHOD_MATCH = YES;
				CODE_SIGN_IDENTITY = "iPhone Developer";
				COPY_PHASE_STRIP = NO;
				DEBUG_INFORMATION_FORMAT = dwarf;
				ENABLE_STRICT_OBJC_MSGSEND = YES;
				ENABLE_TESTABILITY = YES;
				GCC_C_LANGUAGE_STANDARD = gnu11;
				GCC_DYNAMIC_NO_PIC = NO;
				GCC_NO_COMMON_BLOCKS = YES;
				GCC_OPTIMIZATION_LEVEL = 0;
				GCC_PREPROCESSOR_DEFINITIONS = (
					"DEBUG=1",
					"$(inherited)",
				);
				GCC_WARN_64_TO_32_BIT_CONVERSION = YES;
				GCC_WARN_ABOUT_RETURN_TYPE = YES_ERROR;
				GCC_WARN_UNDECLARED_SELECTOR = YES;
				GCC_WARN_UNINITIALIZED_AUTOS = YES_AGGRESSIVE;
				GCC_WARN_UNUSED_FUNCTION = YES;
				GCC_WARN_UNUSED_VARIABLE = YES;
				IPHONEOS_DEPLOYMENT_TARGET = 11.4;
				MTL_ENABLE_DEBUG_INFO = YES;
				ONLY_ACTIVE_ARCH = YES;
				SDKROOT = iphoneos;
			};
			name = Debug;
		};
		D799BE63214A070B00AAF560 /* Release */ = {
			isa = XCBuildConfiguration;
			buildSettings = {
				ALWAYS_SEARCH_USER_PATHS = NO;
				CLANG_ANALYZER_NONNULL = YES;
				CLANG_ANALYZER_NUMBER_OBJECT_CONVERSION = YES_AGGRESSIVE;
				CLANG_CXX_LANGUAGE_STANDARD = "gnu++14";
				CLANG_CXX_LIBRARY = "libc++";
				CLANG_ENABLE_MODULES = YES;
				CLANG_ENABLE_OBJC_ARC = YES;
				CLANG_ENABLE_OBJC_WEAK = YES;
				CLANG_WARN_BLOCK_CAPTURE_AUTORELEASING = YES;
				CLANG_WARN_BOOL_CONVERSION = YES;
				CLANG_WARN_COMMA = YES;
				CLANG_WARN_CONSTANT_CONVERSION = YES;
				CLANG_WARN_DEPRECATED_OBJC_IMPLEMENTATIONS = YES;
				CLANG_WARN_DIRECT_OBJC_ISA_USAGE = YES_ERROR;
				CLANG_WARN_DOCUMENTATION_COMMENTS = YES;
				CLANG_WARN_EMPTY_BODY = YES;
				CLANG_WARN_ENUM_CONVERSION = YES;
				CLANG_WARN_INFINITE_RECURSION = YES;
				CLANG_WARN_INT_CONVERSION = YES;
				CLANG_WARN_NON_LITERAL_NULL_CONVERSION = YES;
				CLANG_WARN_OBJC_IMPLICIT_RETAIN_SELF = YES;
				CLANG_WARN_OBJC_LITERAL_CONVERSION = YES;
				CLANG_WARN_OBJC_ROOT_CLASS = YES_ERROR;
				CLANG_WARN_RANGE_LOOP_ANALYSIS = YES;
				CLANG_WARN_STRICT_PROTOTYPES = YES;
				CLANG_WARN_SUSPICIOUS_MOVE = YES;
				CLANG_WARN_UNGUARDED_AVAILABILITY = YES_AGGRESSIVE;
				CLANG_WARN_UNREACHABLE_CODE = YES;
				CLANG_WARN__DUPLICATE_METHOD_MATCH = YES;
				CODE_SIGN_IDENTITY = "iPhone Developer";
				COPY_PHASE_STRIP = NO;
				DEBUG_INFORMATION_FORMAT = "dwarf-with-dsym";
				ENABLE_NS_ASSERTIONS = NO;
				ENABLE_STRICT_OBJC_MSGSEND = YES;
				GCC_C_LANGUAGE_STANDARD = gnu11;
				GCC_NO_COMMON_BLOCKS = YES;
				GCC_WARN_64_TO_32_BIT_CONVERSION = YES;
				GCC_WARN_ABOUT_RETURN_TYPE = YES_ERROR;
				GCC_WARN_UNDECLARED_SELECTOR = YES;
				GCC_WARN_UNINITIALIZED_AUTOS = YES_AGGRESSIVE;
				GCC_WARN_UNUSED_FUNCTION = YES;
				GCC_WARN_UNUSED_VARIABLE = YES;
				IPHONEOS_DEPLOYMENT_TARGET = 11.4;
				MTL_ENABLE_DEBUG_INFO = NO;
				SDKROOT = iphoneos;
				VALIDATE_PRODUCT = YES;
			};
			name = Release;
		};
		D799BE65214A070B00AAF560 /* Debug */ = {
			isa = XCBuildConfiguration;
			baseConfigurationReference = 0576527C951DD80D983026E5 /* Pods-QianChengMusic.debug.xcconfig */;
			buildSettings = {
				ASSETCATALOG_COMPILER_APPICON_NAME = AppIcon;
				CODE_SIGN_STYLE = Automatic;
				DEVELOPMENT_TEAM = 9T6M24N5BR;
				GCC_PREFIX_HEADER = "$(SRCROOT)/QianChengMusic/Classes/Src/Global/Config/QCM_PchFile.pch";
				INFOPLIST_FILE = QianChengMusic/Other/Info.plist;
				IPHONEOS_DEPLOYMENT_TARGET = 9.0;
				LD_RUNPATH_SEARCH_PATHS = (
					"$(inherited)",
					"@executable_path/Frameworks",
				);
				PRODUCT_BUNDLE_IDENTIFIER = com.hdos.QianChengMusic;
				PRODUCT_NAME = "$(TARGET_NAME)";
				TARGETED_DEVICE_FAMILY = "1,2";
			};
			name = Debug;
		};
		D799BE66214A070B00AAF560 /* Release */ = {
			isa = XCBuildConfiguration;
			baseConfigurationReference = F54AADE4ACF4D27BFE4170F2 /* Pods-QianChengMusic.release.xcconfig */;
			buildSettings = {
				ASSETCATALOG_COMPILER_APPICON_NAME = AppIcon;
				CODE_SIGN_STYLE = Automatic;
				DEVELOPMENT_TEAM = 9T6M24N5BR;
				GCC_PREFIX_HEADER = "$(SRCROOT)/QianChengMusic/Classes/Src/Global/Config/QCM_PchFile.pch";
				INFOPLIST_FILE = QianChengMusic/Other/Info.plist;
				IPHONEOS_DEPLOYMENT_TARGET = 9.0;
				LD_RUNPATH_SEARCH_PATHS = (
					"$(inherited)",
					"@executable_path/Frameworks",
				);
				PRODUCT_BUNDLE_IDENTIFIER = com.hdos.QianChengMusic;
				PRODUCT_NAME = "$(TARGET_NAME)";
				TARGETED_DEVICE_FAMILY = "1,2";
			};
			name = Release;
		};
		D799BE68214A070B00AAF560 /* Debug */ = {
			isa = XCBuildConfiguration;
			buildSettings = {
				BUNDLE_LOADER = "$(TEST_HOST)";
				CODE_SIGN_STYLE = Automatic;
				DEVELOPMENT_TEAM = 9T6M24N5BR;
				INFOPLIST_FILE = QianChengMusicTests/Info.plist;
				LD_RUNPATH_SEARCH_PATHS = (
					"$(inherited)",
					"@executable_path/Frameworks",
					"@loader_path/Frameworks",
				);
				PRODUCT_BUNDLE_IDENTIFIER = com.hdos.QianChengMusicTests;
				PRODUCT_NAME = "$(TARGET_NAME)";
				TARGETED_DEVICE_FAMILY = "1,2";
				TEST_HOST = "$(BUILT_PRODUCTS_DIR)/QianChengMusic.app/QianChengMusic";
			};
			name = Debug;
		};
		D799BE69214A070B00AAF560 /* Release */ = {
			isa = XCBuildConfiguration;
			buildSettings = {
				BUNDLE_LOADER = "$(TEST_HOST)";
				CODE_SIGN_STYLE = Automatic;
				DEVELOPMENT_TEAM = 9T6M24N5BR;
				INFOPLIST_FILE = QianChengMusicTests/Info.plist;
				LD_RUNPATH_SEARCH_PATHS = (
					"$(inherited)",
					"@executable_path/Frameworks",
					"@loader_path/Frameworks",
				);
				PRODUCT_BUNDLE_IDENTIFIER = com.hdos.QianChengMusicTests;
				PRODUCT_NAME = "$(TARGET_NAME)";
				TARGETED_DEVICE_FAMILY = "1,2";
				TEST_HOST = "$(BUILT_PRODUCTS_DIR)/QianChengMusic.app/QianChengMusic";
			};
			name = Release;
		};
		D799BE6B214A070B00AAF560 /* Debug */ = {
			isa = XCBuildConfiguration;
			buildSettings = {
				CODE_SIGN_STYLE = Automatic;
				DEVELOPMENT_TEAM = 9T6M24N5BR;
				INFOPLIST_FILE = QianChengMusicUITests/Info.plist;
				LD_RUNPATH_SEARCH_PATHS = (
					"$(inherited)",
					"@executable_path/Frameworks",
					"@loader_path/Frameworks",
				);
				PRODUCT_BUNDLE_IDENTIFIER = com.hdos.QianChengMusicUITests;
				PRODUCT_NAME = "$(TARGET_NAME)";
				TARGETED_DEVICE_FAMILY = "1,2";
				TEST_TARGET_NAME = QianChengMusic;
			};
			name = Debug;
		};
		D799BE6C214A070B00AAF560 /* Release */ = {
			isa = XCBuildConfiguration;
			buildSettings = {
				CODE_SIGN_STYLE = Automatic;
				DEVELOPMENT_TEAM = 9T6M24N5BR;
				INFOPLIST_FILE = QianChengMusicUITests/Info.plist;
				LD_RUNPATH_SEARCH_PATHS = (
					"$(inherited)",
					"@executable_path/Frameworks",
					"@loader_path/Frameworks",
				);
				PRODUCT_BUNDLE_IDENTIFIER = com.hdos.QianChengMusicUITests;
				PRODUCT_NAME = "$(TARGET_NAME)";
				TARGETED_DEVICE_FAMILY = "1,2";
				TEST_TARGET_NAME = QianChengMusic;
			};
			name = Release;
		};
/* End XCBuildConfiguration section */

/* Begin XCConfigurationList section */
		D799BE33214A070900AAF560 /* Build configuration list for PBXProject "QianChengMusic" */ = {
			isa = XCConfigurationList;
			buildConfigurations = (
				D799BE62214A070B00AAF560 /* Debug */,
				D799BE63214A070B00AAF560 /* Release */,
			);
			defaultConfigurationIsVisible = 0;
			defaultConfigurationName = Release;
		};
		D799BE64214A070B00AAF560 /* Build configuration list for PBXNativeTarget "QianChengMusic" */ = {
			isa = XCConfigurationList;
			buildConfigurations = (
				D799BE65214A070B00AAF560 /* Debug */,
				D799BE66214A070B00AAF560 /* Release */,
			);
			defaultConfigurationIsVisible = 0;
			defaultConfigurationName = Release;
		};
		D799BE67214A070B00AAF560 /* Build configuration list for PBXNativeTarget "QianChengMusicTests" */ = {
			isa = XCConfigurationList;
			buildConfigurations = (
				D799BE68214A070B00AAF560 /* Debug */,
				D799BE69214A070B00AAF560 /* Release */,
			);
			defaultConfigurationIsVisible = 0;
			defaultConfigurationName = Release;
		};
		D799BE6A214A070B00AAF560 /* Build configuration list for PBXNativeTarget "QianChengMusicUITests" */ = {
			isa = XCConfigurationList;
			buildConfigurations = (
				D799BE6B214A070B00AAF560 /* Debug */,
				D799BE6C214A070B00AAF560 /* Release */,
			);
			defaultConfigurationIsVisible = 0;
			defaultConfigurationName = Release;
		};
/* End XCConfigurationList section */
	};
	rootObject = D799BE30214A070900AAF560 /* Project object */;
}
